
Microsoft Visual Studio Solution File, Format Version 12.00
# Visual Studio 15
VisualStudioVersion = 15.0.28307.329
MinimumVisualStudioVersion = 10.0.40219.1
Project("{FAE04EC0-301F-11D3-BF4B-00C04F79EFBC}") = "Cross", "Cross\Cross.csproj", "{C0A4124F-F610-4436-A5EE-B93DAAFB3906}"
EndProject
Global
	GlobalSection(SolutionConfigurationPlatforms) = preSolution
		Debug|Any CPU = Debug|Any CPU
		Release|Any CPU = Release|Any CPU
	EndGlobalSection
	GlobalSection(ProjectConfigurationPlatforms) = postSolution
		{C0A4124F-F610-4436-A5EE-B93DAAFB3906}.Debug|Any CPU.ActiveCfg = Debug|Any CPU
		{C0A4124F-F610-4436-A5EE-B93DAAFB3906}.Debug|Any CPU.Build.0 = Debug|Any CPU
		{C0A4124F-F610-4436-A5EE-B93DAAFB3906}.Release|Any CPU.ActiveCfg = Release|Any CPU
		{C0A4124F-F610-4436-A5EE-B93DAAFB3906}.Release|Any CPU.Build.0 = Release|Any CPU
	EndGlobalSection
	GlobalSection(SolutionProperties) = preSolution
		HideSolutionNode = FALSE
	EndGlobalSection
	GlobalSection(ExtensibilityGlobals) = postSolution
		SolutionGuid = {A21668D4-4FBC-4752-85D1-1F78296049B7}
	EndGlobalSection
EndGlobal
